
Microsoft Visual Studio Solution File, Format Version 12.00
# Visual Studio Version 16
VisualStudioVersion = 16.0.29009.5
MinimumVisualStudioVersion = 10.0.40219.1
Project("{FAE04EC0-301F-11D3-BF4B-00C04F79EFBC}") = "ExpensesStats", "ExpensesStats\ExpensesStats.csproj", "{B2F5AECE-29B8-44B0-B1EE-538D2D78A17E}"
EndProject
Global
	GlobalSection(SolutionConfigurationPlatforms) = preSolution
		Debug|Any CPU = Debug|Any CPU
		Release|Any CPU = Release|Any CPU
	EndGlobalSection
	GlobalSection(ProjectConfigurationPlatforms) = postSolution
		{B2F5AECE-29B8-44B0-B1EE-538D2D78A17E}.Debug|Any CPU.ActiveCfg = Debug|Any CPU
		{B2F5AECE-29B8-44B0-B1EE-538D2D78A17E}.Debug|Any CPU.Build.0 = Debug|Any CPU
		{B2F5AECE-29B8-44B0-B1EE-538D2D78A17E}.Release|Any CPU.ActiveCfg = Release|Any CPU
		{B2F5AECE-29B8-44B0-B1EE-538D2D78A17E}.Release|Any CPU.Build.0 = Release|Any CPU
	EndGlobalSection
	GlobalSection(SolutionProperties) = preSolution
		HideSolutionNode = FALSE
	EndGlobalSection
	GlobalSection(ExtensibilityGlobals) = postSolution
		SolutionGuid = {33439CC0-B741-40E3-BC97-C8713DE90184}
	EndGlobalSection
EndGlobal
